
Microsoft Visual Studio Solution File, Format Version 11.00
# Visual Studio 2010
Project("{FAE04EC0-301F-11D3-BF4B-00C04F79EFBC}") = "2D UFO Project", "Assembly-CSharp.csproj", "{84243AA3-D58E-8268-C3A3-72CC30D89EF8}"
EndProject
Project("{FAE04EC0-301F-11D3-BF4B-00C04F79EFBC}") = "2D UFO Project", "Assembly-CSharp-Editor.csproj", "{99D61889-6062-A63C-8A8A-50187B211F61}"
EndProject
Global
	GlobalSection(SolutionConfigurationPlatforms) = preSolution
		Debug|Any CPU = Debug|Any CPU
		Release|Any CPU = Release|Any CPU
	EndGlobalSection
	GlobalSection(ProjectConfigurationPlatforms) = postSolution
		{84243AA3-D58E-8268-C3A3-72CC30D89EF8}.Debug|Any CPU.ActiveCfg = Debug|Any CPU
		{84243AA3-D58E-8268-C3A3-72CC30D89EF8}.Debug|Any CPU.Build.0 = Debug|Any CPU
		{84243AA3-D58E-8268-C3A3-72CC30D89EF8}.Release|Any CPU.ActiveCfg = Release|Any CPU
		{84243AA3-D58E-8268-C3A3-72CC30D89EF8}.Release|Any CPU.Build.0 = Release|Any CPU
		{99D61889-6062-A63C-8A8A-50187B211F61}.Debug|Any CPU.ActiveCfg = Debug|Any CPU
		{99D61889-6062-A63C-8A8A-50187B211F61}.Debug|Any CPU.Build.0 = Debug|Any CPU
		{99D61889-6062-A63C-8A8A-50187B211F61}.Release|Any CPU.ActiveCfg = Release|Any CPU
		{99D61889-6062-A63C-8A8A-50187B211F61}.Release|Any CPU.Build.0 = Release|Any CPU
	EndGlobalSection
	GlobalSection(SolutionProperties) = preSolution
		HideSolutionNode = FALSE
	EndGlobalSection
	GlobalSection(MonoDevelopProperties) = preSolution
		StartupItem = Assembly-CSharp.csproj
	EndGlobalSection
EndGlobal
